{
    "_meta": {
        "hash": {
            "sha256": "da68a2e31f46ef098255ba0a24ad6d4b4dbd4e34c17824734c89b76fe4339437"
        },
        "pipfile-spec": 6,
        "requires": {
            "python_version": "3.12"
        },
        "sources": [
            {
                "name": "pypi",
                "url": "https://pypi.org/simple",
                "verify_ssl": true
            }
        ]
    },
    "default": {},
    "develop": {}
}
